
Microsoft Visual Studio Solution File, Format Version 12.00
# Visual Studio Version 17
VisualStudioVersion = 17.13.35931.197
MinimumVisualStudioVersion = 10.0.40219.1
Project("{FAE04EC0-301F-11D3-BF4B-00C04F79EFBC}") = "CarRentalAPI", "CarRentalAPI\CarRentalAPI.csproj", "{D0D9DD0A-0451-CB68-011D-76D006EAA5C1}"
EndProject
Project("{FAE04EC0-301F-11D3-BF4B-00C04F79EFBC}") = "CarRentalClient", "CarRentalClient\CarRentalClient.csproj", "{5FC6C5AA-22B4-3501-DABA-EB2E960EE680}"
EndProject
Global
	GlobalSection(SolutionConfigurationPlatforms) = preSolution
		Debug|Any CPU = Debug|Any CPU
		Release|Any CPU = Release|Any CPU
	EndGlobalSection
	GlobalSection(ProjectConfigurationPlatforms) = postSolution
		{D0D9DD0A-0451-CB68-011D-76D006EAA5C1}.Debug|Any CPU.ActiveCfg = Debug|Any CPU
		{D0D9DD0A-0451-CB68-011D-76D006EAA5C1}.Debug|Any CPU.Build.0 = Debug|Any CPU
		{D0D9DD0A-0451-CB68-011D-76D006EAA5C1}.Release|Any CPU.ActiveCfg = Release|Any CPU
		{D0D9DD0A-0451-CB68-011D-76D006EAA5C1}.Release|Any CPU.Build.0 = Release|Any CPU
		{5FC6C5AA-22B4-3501-DABA-EB2E960EE680}.Debug|Any CPU.ActiveCfg = Debug|Any CPU
		{5FC6C5AA-22B4-3501-DABA-EB2E960EE680}.Debug|Any CPU.Build.0 = Debug|Any CPU
		{5FC6C5AA-22B4-3501-DABA-EB2E960EE680}.Release|Any CPU.ActiveCfg = Release|Any CPU
		{5FC6C5AA-22B4-3501-DABA-EB2E960EE680}.Release|Any CPU.Build.0 = Release|Any CPU
	EndGlobalSection
	GlobalSection(SolutionProperties) = preSolution
		HideSolutionNode = FALSE
	EndGlobalSection
	GlobalSection(ExtensibilityGlobals) = postSolution
		SolutionGuid = {0B4F3C2C-0017-471B-AC8C-82296ECE95C2}
	EndGlobalSection
EndGlobal
